
Microsoft Visual Studio Solution File, Format Version 12.00
# Visual Studio Version 16
VisualStudioVersion = 16.0.29025.244
MinimumVisualStudioVersion = 10.0.40219.1
Project("{FAE04EC0-301F-11D3-BF4B-00C04F79EFBC}") = "RenameFoldersFiles", "Console.RenameFoldersFiles\RenameFoldersFiles.csproj", "{BA55389A-5EE6-4C8C-83EA-0CD1F32B17F5}"
EndProject
Global
	GlobalSection(SolutionConfigurationPlatforms) = preSolution
		Debug|Any CPU = Debug|Any CPU
		Release|Any CPU = Release|Any CPU
	EndGlobalSection
	GlobalSection(ProjectConfigurationPlatforms) = postSolution
		{BA55389A-5EE6-4C8C-83EA-0CD1F32B17F5}.Debug|Any CPU.ActiveCfg = Debug|Any CPU
		{BA55389A-5EE6-4C8C-83EA-0CD1F32B17F5}.Debug|Any CPU.Build.0 = Debug|Any CPU
		{BA55389A-5EE6-4C8C-83EA-0CD1F32B17F5}.Release|Any CPU.ActiveCfg = Release|Any CPU
		{BA55389A-5EE6-4C8C-83EA-0CD1F32B17F5}.Release|Any CPU.Build.0 = Release|Any CPU
	EndGlobalSection
	GlobalSection(SolutionProperties) = preSolution
		HideSolutionNode = FALSE
	EndGlobalSection
	GlobalSection(ExtensibilityGlobals) = postSolution
		SolutionGuid = {C504DE43-F82E-4735-88EE-8FD67E61E43A}
	EndGlobalSection
EndGlobal
